
Microsoft Visual Studio Solution File, Format Version 12.00
# Visual Studio 15
VisualStudioVersion = 15.0.27004.2006
MinimumVisualStudioVersion = 10.0.40219.1
Project("{FAE04EC0-301F-11D3-BF4B-00C04F79EFBC}") = "Compilador", "Compilador\Compilador.csproj", "{FC641495-59D0-46EC-8F00-3E9894F2DF58}"
EndProject
Global
	GlobalSection(SolutionConfigurationPlatforms) = preSolution
		Debug|Any CPU = Debug|Any CPU
		Release|Any CPU = Release|Any CPU
	EndGlobalSection
	GlobalSection(ProjectConfigurationPlatforms) = postSolution
		{FC641495-59D0-46EC-8F00-3E9894F2DF58}.Debug|Any CPU.ActiveCfg = Debug|Any CPU
		{FC641495-59D0-46EC-8F00-3E9894F2DF58}.Debug|Any CPU.Build.0 = Debug|Any CPU
		{FC641495-59D0-46EC-8F00-3E9894F2DF58}.Release|Any CPU.ActiveCfg = Release|Any CPU
		{FC641495-59D0-46EC-8F00-3E9894F2DF58}.Release|Any CPU.Build.0 = Release|Any CPU
	EndGlobalSection
	GlobalSection(SolutionProperties) = preSolution
		HideSolutionNode = FALSE
	EndGlobalSection
	GlobalSection(ExtensibilityGlobals) = postSolution
		SolutionGuid = {A58F3A76-ECC8-4B96-9B7C-7021A8E419E7}
	EndGlobalSection
	GlobalSection(TeamFoundationVersionControl) = preSolution
		SccNumberOfProjects = 2
		SccEnterpriseProvider = {4CA58AB2-18FA-4F8D-95D4-32DDF27D184C}
		SccTeamFoundationServer = https://uniftecfelipe.visualstudio.com/
		SccLocalPath0 = .
		SccProjectUniqueName1 = Compilador\\Compilador.csproj
		SccProjectName1 = Compilador
		SccLocalPath1 = Compilador
	EndGlobalSection
EndGlobal
